
Microsoft Visual Studio Solution File, Format Version 12.00
# Visual Studio Version 16
VisualStudioVersion = 16.0.32428.217
MinimumVisualStudioVersion = 10.0.40219.1
Project("{FAE04EC0-301F-11D3-BF4B-00C04F79EFBC}") = "Slot13-FristWindowForm", "Slot13-FristWindowForm\Slot13-FristWindowForm.csproj", "{D8B111EE-A808-4DC4-B6A1-7C3A7A0F9693}"
EndProject
Global
	GlobalSection(SolutionConfigurationPlatforms) = preSolution
		Debug|Any CPU = Debug|Any CPU
		Release|Any CPU = Release|Any CPU
	EndGlobalSection
	GlobalSection(ProjectConfigurationPlatforms) = postSolution
		{D8B111EE-A808-4DC4-B6A1-7C3A7A0F9693}.Debug|Any CPU.ActiveCfg = Debug|Any CPU
		{D8B111EE-A808-4DC4-B6A1-7C3A7A0F9693}.Debug|Any CPU.Build.0 = Debug|Any CPU
		{D8B111EE-A808-4DC4-B6A1-7C3A7A0F9693}.Release|Any CPU.ActiveCfg = Release|Any CPU
		{D8B111EE-A808-4DC4-B6A1-7C3A7A0F9693}.Release|Any CPU.Build.0 = Release|Any CPU
	EndGlobalSection
	GlobalSection(SolutionProperties) = preSolution
		HideSolutionNode = FALSE
	EndGlobalSection
	GlobalSection(ExtensibilityGlobals) = postSolution
		SolutionGuid = {827C919C-7071-41DF-9236-ECCD804EF246}
	EndGlobalSection
EndGlobal
