
Microsoft Visual Studio Solution File, Format Version 12.00
# Visual Studio Version 16
VisualStudioVersion = 16.0.32428.217
MinimumVisualStudioVersion = 10.0.40219.1
Project("{FAE04EC0-301F-11D3-BF4B-00C04F79EFBC}") = "AutomobileLibrary", "AutomobileLibrary\AutomobileLibrary.csproj", "{6356D4E1-54E0-42D8-B916-6477F5E9F81D}"
EndProject
Project("{FAE04EC0-301F-11D3-BF4B-00C04F79EFBC}") = "AutomobileWinApp", "AutomobileWinApp\AutomobileWinApp.csproj", "{562371CA-E7ED-45C4-A39E-41F21CD6B548}"
EndProject
Global
	GlobalSection(SolutionConfigurationPlatforms) = preSolution
		Debug|Any CPU = Debug|Any CPU
		Release|Any CPU = Release|Any CPU
	EndGlobalSection
	GlobalSection(ProjectConfigurationPlatforms) = postSolution
		{6356D4E1-54E0-42D8-B916-6477F5E9F81D}.Debug|Any CPU.ActiveCfg = Debug|Any CPU
		{6356D4E1-54E0-42D8-B916-6477F5E9F81D}.Debug|Any CPU.Build.0 = Debug|Any CPU
		{6356D4E1-54E0-42D8-B916-6477F5E9F81D}.Release|Any CPU.ActiveCfg = Release|Any CPU
		{6356D4E1-54E0-42D8-B916-6477F5E9F81D}.Release|Any CPU.Build.0 = Release|Any CPU
		{562371CA-E7ED-45C4-A39E-41F21CD6B548}.Debug|Any CPU.ActiveCfg = Debug|Any CPU
		{562371CA-E7ED-45C4-A39E-41F21CD6B548}.Debug|Any CPU.Build.0 = Debug|Any CPU
		{562371CA-E7ED-45C4-A39E-41F21CD6B548}.Release|Any CPU.ActiveCfg = Release|Any CPU
		{562371CA-E7ED-45C4-A39E-41F21CD6B548}.Release|Any CPU.Build.0 = Release|Any CPU
	EndGlobalSection
	GlobalSection(SolutionProperties) = preSolution
		HideSolutionNode = FALSE
	EndGlobalSection
	GlobalSection(ExtensibilityGlobals) = postSolution
		SolutionGuid = {2604399B-3811-47A8-8BFB-029926DEBDFB}
	EndGlobalSection
EndGlobal
