
Microsoft Visual Studio Solution File, Format Version 12.00
# Visual Studio Version 16
VisualStudioVersion = 16.0.32428.217
MinimumVisualStudioVersion = 10.0.40219.1
Project("{FAE04EC0-301F-11D3-BF4B-00C04F79EFBC}") = "slot14", "slot14\slot14.csproj", "{24BC4E76-126F-4052-B4D5-4BD812702F68}"
EndProject
Global
	GlobalSection(SolutionConfigurationPlatforms) = preSolution
		Debug|Any CPU = Debug|Any CPU
		Release|Any CPU = Release|Any CPU
	EndGlobalSection
	GlobalSection(ProjectConfigurationPlatforms) = postSolution
		{24BC4E76-126F-4052-B4D5-4BD812702F68}.Debug|Any CPU.ActiveCfg = Debug|Any CPU
		{24BC4E76-126F-4052-B4D5-4BD812702F68}.Debug|Any CPU.Build.0 = Debug|Any CPU
		{24BC4E76-126F-4052-B4D5-4BD812702F68}.Release|Any CPU.ActiveCfg = Release|Any CPU
		{24BC4E76-126F-4052-B4D5-4BD812702F68}.Release|Any CPU.Build.0 = Release|Any CPU
	EndGlobalSection
	GlobalSection(SolutionProperties) = preSolution
		HideSolutionNode = FALSE
	EndGlobalSection
	GlobalSection(ExtensibilityGlobals) = postSolution
		SolutionGuid = {F469D850-5E3B-4D37-8754-CC5366CF2D2C}
	EndGlobalSection
EndGlobal
